
Microsoft Visual Studio Solution File, Format Version 12.00
# Visual Studio Version 16
VisualStudioVersion = 16.0.32929.386
MinimumVisualStudioVersion = 10.0.40219.1
Project("{FAE04EC0-301F-11D3-BF4B-00C04F79EFBC}") = "FunPro3dataset", "FunPro3dataset\FunPro3dataset.csproj", "{B5250D0B-1D59-411C-981A-B8D5589838D7}"
EndProject
Global
	GlobalSection(SolutionConfigurationPlatforms) = preSolution
		Debug|Any CPU = Debug|Any CPU
		Release|Any CPU = Release|Any CPU
	EndGlobalSection
	GlobalSection(ProjectConfigurationPlatforms) = postSolution
		{B5250D0B-1D59-411C-981A-B8D5589838D7}.Debug|Any CPU.ActiveCfg = Debug|Any CPU
		{B5250D0B-1D59-411C-981A-B8D5589838D7}.Debug|Any CPU.Build.0 = Debug|Any CPU
		{B5250D0B-1D59-411C-981A-B8D5589838D7}.Release|Any CPU.ActiveCfg = Release|Any CPU
		{B5250D0B-1D59-411C-981A-B8D5589838D7}.Release|Any CPU.Build.0 = Release|Any CPU
	EndGlobalSection
	GlobalSection(SolutionProperties) = preSolution
		HideSolutionNode = FALSE
	EndGlobalSection
	GlobalSection(ExtensibilityGlobals) = postSolution
		SolutionGuid = {1AEADA74-E39A-41EB-BCDC-8423552300CA}
	EndGlobalSection
EndGlobal
